// !$*UTF8*$!
{
	archiveVersion = 1;
	classes = {
	};
	objectVersion = 77;
	objects = {

/* Begin PBXContainerItemProxy section */
		40E02E7F2F00D4BB009D9558 /* PBXContainerItemProxy */ = {
			isa = PBXContainerItemProxy;
			containerPortal = 40E02E662F00D4BA009D9558 /* Project object */;
			proxyType = 1;
			remoteGlobalIDString = 40E02E6D2F00D4BA009D9558;
			remoteInfo = Kaie;
		};
		40E02E892F00D4BB009D9558 /* PBXContainerItemProxy */ = {
			isa = PBXContainerItemProxy;
			containerPortal = 40E02E662F00D4BA009D9558 /* Project object */;
			proxyType = 1;
			remoteGlobalIDString = 40E02E6D2F00D4BA009D9558;
			remoteInfo = Kaie;
		};
/* End PBXContainerItemProxy section */

/* Begin PBXFileReference section */
		40E02E6E2F00D4BA009D9558 /* Kaie.app */ = {isa = PBXFileReference; explicitFileType = wrapper.application; includeInIndex = 0; path = Kaie.app; sourceTree = BUILT_PRODUCTS_DIR; };
		40E02E7E2F00D4BB009D9558 /* KaieTests.xctest */ = {isa = PBXFileReference; explicitFileType = wrapper.cfbundle; includeInIndex = 0; path = KaieTests.xctest; sourceTree = BUILT_PRODUCTS_DIR; };
		40E02E882F00D4BB009D9558 /* KaieUITests.xctest */ = {isa = PBXFileReference; explicitFileType = wrapper.cfbundle; includeInIndex = 0; path = KaieUITests.xctest; sourceTree = BUILT_PRODUCTS_DIR; };
/* End PBXFileReference section */

/* Begin PBXFileSystemSynchronizedRootGroup section */
		40E02E702F00D4BA009D9558 /* Kaie */ = {
			isa = PBXFileSystemSynchronizedRootGroup;
			path = Kaie;
			sourceTree = "<group>";
		};
		40E02E812F00D4BB009D9558 /* KaieTests */ = {
			isa = PBXFileSystemSynchronizedRootGroup;
			path = KaieTests;
			sourceTree = "<group>";
		};
		40E02E8B2F00D4BB009D9558 /* KaieUITests */ = {
			isa = PBXFileSystemSynchronizedRootGroup;
			path = KaieUITests;
			sourceTree = "<group>";
		};
/* End PBXFileSystemSynchronizedRootGroup section */

/* Begin PBXFrameworksBuildPhase section */
		40E02E6B2F00D4BA009D9558 /* Frameworks */ = {
			isa = PBXFrameworksBuildPhase;
			buildActionMask = 2147483647;
			files = (
			);
			runOnlyForDeploymentPostprocessing = 0;
		};
		40E02E7B2F00D4BB009D9558 /* Frameworks */ = {
			isa = PBXFrameworksBuildPhase;
			buildActionMask = 2147483647;
			files = (
			);
			runOnlyForDeploymentPostprocessing = 0;
		};
		40E02E852F00D4BB009D9558 /* Frameworks */ = {
			isa = PBXFrameworksBuildPhase;
			buildActionMask = 2147483647;
			files = (
			);
			runOnlyForDeploymentPostprocessing = 0;
		};
/* End PBXFrameworksBuildPhase section */

/* Begin PBXGroup section */
		40E02E652F00D4BA009D9558 = {
			isa = PBXGroup;
			children = (
				40E02E702F00D4BA009D9558 /* Kaie */,
				40E02E812F00D4BB009D9558 /* KaieTests */,
				40E02E8B2F00D4BB009D9558 /* KaieUITests */,
				40E02E6F2F00D4BA009D9558 /* Products */,
			);
			sourceTree = "<group>";
		};
		40E02E6F2F00D4BA009D9558 /* Products */ = {
			isa = PBXGroup;
			children = (
				40E02E6E2F00D4BA009D9558 /* Kaie.app */,
				40E02E7E2F00D4BB009D9558 /* KaieTests.xctest */,
				40E02E882F00D4BB009D9558 /* KaieUITests.xctest */,
			);
			name = Products;
			sourceTree = "<group>";
		};
/* End PBXGroup section */

/* Begin PBXNativeTarget section */
		40E02E6D2F00D4BA009D9558 /* Kaie */ = {
			isa = PBXNativeTarget;
			buildConfigurationList = 40E02E922F00D4BB009D9558 /* Build configuration list for PBXNativeTarget "Kaie" */;
			buildPhases = (
				40E02E6A2F00D4BA009D9558 /* Sources */,
				40E02E6B2F00D4BA009D9558 /* Frameworks */,
				40E02E6C2F00D4BA009D9558 /* Resources */,
			);
			buildRules = (
			);
			dependencies = (
			);
			fileSystemSynchronizedGroups = (
				40E02E702F00D4BA009D9558 /* Kaie */,
			);
			name = Kaie;
			packageProductDependencies = (
			);
			productName = Kaie;
			productReference = 40E02E6E2F00D4BA009D9558 /* Kaie.app */;
			productType = "com.apple.product-type.application";
		};
		40E02E7D2F00D4BB009D9558 /* KaieTests */ = {
			isa = PBXNativeTarget;
			buildConfigurationList = 40E02E952F00D4BB009D9558 /* Build configuration list for PBXNativeTarget "KaieTests" */;
			buildPhases = (
				40E02E7A2F00D4BB009D9558 /* Sources */,
				40E02E7B2F00D4BB009D9558 /* Frameworks */,
				40E02E7C2F00D4BB009D9558 /* Resources */,
			);
			buildRules = (
			);
			dependencies = (
				40E02E802F00D4BB009D9558 /* PBXTargetDependency */,
			);
			fileSystemSynchronizedGroups = (
				40E02E812F00D4BB009D9558 /* KaieTests */,
			);
			name = KaieTests;
			packageProductDependencies = (
			);
			productName = KaieTests;
			productReference = 40E02E7E2F00D4BB009D9558 /* KaieTests.xctest */;
			productType = "com.apple.product-type.bundle.unit-test";
		};
		40E02E872F00D4BB009D9558 /* KaieUITests */ = {
			isa = PBXNativeTarget;
			buildConfigurationList = 40E02E982F00D4BB009D9558 /* Build configuration list for PBXNativeTarget "KaieUITests" */;
			buildPhases = (
				40E02E842F00D4BB009D9558 /* Sources */,
				40E02E852F00D4BB009D9558 /* Frameworks */,
				40E02E862F00D4BB009D9558 /* Resources */,
			);
			buildRules = (
			);
			dependencies = (
				40E02E8A2F00D4BB009D9558 /* PBXTargetDependency */,
			);
			fileSystemSynchronizedGroups = (
				40E02E8B2F00D4BB009D9558 /* KaieUITests */,
			);
			name = KaieUITests;
			packageProductDependencies = (
			);
			productName = KaieUITests;
			productReference = 40E02E882F00D4BB009D9558 /* KaieUITests.xctest */;
			productType = "com.apple.product-type.bundle.ui-testing";
		};
/* End PBXNativeTarget section */

/* Begin PBXProject section */
		40E02E662F00D4BA009D9558 /* Project object */ = {
			isa = PBXProject;
			attributes = {
				BuildIndependentTargetsInParallel = 1;
				LastSwiftUpdateCheck = 1620;
				LastUpgradeCheck = 1620;
				TargetAttributes = {
					40E02E6D2F00D4BA009D9558 = {
						CreatedOnToolsVersion = 16.2;
					};
					40E02E7D2F00D4BB009D9558 = {
						CreatedOnToolsVersion = 16.2;
						TestTargetID = 40E02E6D2F00D4BA009D9558;
					};
					40E02E872F00D4BB009D9558 = {
						CreatedOnToolsVersion = 16.2;
						TestTargetID = 40E02E6D2F00D4BA009D9558;
					};
				};
			};
			buildConfigurationList = 40E02E692F00D4BA009D9558 /* Build configuration list for PBXProject "Kaie" */;
			developmentRegion = en;
			hasScannedForEncodings = 0;
			knownRegions = (
				en,
				Base,
			);
			mainGroup = 40E02E652F00D4BA009D9558;
			minimizedProjectReferenceProxies = 1;
			preferredProjectObjectVersion = 77;
			productRefGroup = 40E02E6F2F00D4BA009D9558 /* Products */;
			projectDirPath = "";
			projectRoot = "";
			targets = (
				40E02E6D2F00D4BA009D9558 /* Kaie */,
				40E02E7D2F00D4BB009D9558 /* KaieTests */,
				40E02E872F00D4BB009D9558 /* KaieUITests */,
			);
		};
/* End PBXProject section */

/* Begin PBXResourcesBuildPhase section */
		40E02E6C2F00D4BA009D9558 /* Resources */ = {
			isa = PBXResourcesBuildPhase;
			buildActionMask = 2147483647;
			files = (
			);
			runOnlyForDeploymentPostprocessing = 0;
		};
		40E02E7C2F00D4BB009D9558 /* Resources */ = {
			isa = PBXResourcesBuildPhase;
			buildActionMask = 2147483647;
			files = (
			);
			runOnlyForDeploymentPostprocessing = 0;
		};
		40E02E862F00D4BB009D9558 /* Resources */ = {
			isa = PBXResourcesBuildPhase;
			buildActionMask = 2147483647;
			files = (
			);
			runOnlyForDeploymentPostprocessing = 0;
		};
/* End PBXResourcesBuildPhase section */

/* Begin PBXSourcesBuildPhase section */
		40E02E6A2F00D4BA009D9558 /* Sources */ = {
			isa = PBXSourcesBuildPhase;
			buildActionMask = 2147483647;
			files = (
			);
			runOnlyForDeploymentPostprocessing = 0;
		};
		40E02E7A2F00D4BB009D9558 /* Sources */ = {
			isa = PBXSourcesBuildPhase;
			buildActionMask = 2147483647;
			files = (
			);
			runOnlyForDeploymentPostprocessing = 0;
		};
		40E02E842F00D4BB009D9558 /* Sources */ = {
			isa = PBXSourcesBuildPhase;
			buildActionMask = 2147483647;
			files = (
			);
			runOnlyForDeploymentPostprocessing = 0;
		};
/* End PBXSourcesBuildPhase section */

/* Begin PBXTargetDependency section */
		40E02E802F00D4BB009D9558 /* PBXTargetDependency */ = {
			isa = PBXTargetDependency;
			target = 40E02E6D2F00D4BA009D9558 /* Kaie */;
			targetProxy = 40E02E7F2F00D4BB009D9558 /* PBXContainerItemProxy */;
		};
		40E02E8A2F00D4BB009D9558 /* PBXTargetDependency */ = {
			isa = PBXTargetDependency;
			target = 40E02E6D2F00D4BA009D9558 /* Kaie */;
			targetProxy = 40E02E892F00D4BB009D9558 /* PBXContainerItemProxy */;
		};
/* End PBXTargetDependency section */

/* Begin XCBuildConfiguration section */
		40E02E902F00D4BB009D9558 /* Debug */ = {
			isa = XCBuildConfiguration;
			buildSettings = {
				ALWAYS_SEARCH_USER_PATHS = NO;
				ASSETCATALOG_COMPILER_GENERATE_SWIFT_ASSET_SYMBOL_EXTENSIONS = YES;
				CLANG_ANALYZER_NONNULL = YES;
				CLANG_ANALYZER_NUMBER_OBJECT_CONVERSION = YES_AGGRESSIVE;
				CLANG_CXX_LANGUAGE_STANDARD = "gnu++20";
				CLANG_ENABLE_MODULES = YES;
				CLANG_ENABLE_OBJC_ARC = YES;
				CLANG_ENABLE_OBJC_WEAK = YES;
				CLANG_WARN_BLOCK_CAPTURE_AUTORELEASING = YES;
				CLANG_WARN_BOOL_CONVERSION = YES;
				CLANG_WARN_COMMA = YES;
				CLANG_WARN_CONSTANT_CONVERSION = YES;
				CLANG_WARN_DEPRECATED_OBJC_IMPLEMENTATIONS = YES;
				CLANG_WARN_DIRECT_OBJC_ISA_USAGE = YES_ERROR;
				CLANG_WARN_DOCUMENTATION_COMMENTS = YES;
				CLANG_WARN_EMPTY_BODY = YES;
				CLANG_WARN_ENUM_CONVERSION = YES;
				CLANG_WARN_INFINITE_RECURSION = YES;
				CLANG_WARN_INT_CONVERSION = YES;
				CLANG_WARN_NON_LITERAL_NULL_CONVERSION = YES;
				CLANG_WARN_OBJC_IMPLICIT_RETAIN_SELF = YES;
				CLANG_WARN_OBJC_LITERAL_CONVERSION = YES;
				CLANG_WARN_OBJC_ROOT_CLASS = YES_ERROR;
				CLANG_WARN_QUOTED_INCLUDE_IN_FRAMEWORK_HEADER = YES;
				CLANG_WARN_RANGE_LOOP_ANALYSIS = YES;
				CLANG_WARN_STRICT_PROTOTYPES = YES;
				CLANG_WARN_SUSPICIOUS_MOVE = YES;
				CLANG_WARN_UNGUARDED_AVAILABILITY = YES_AGGRESSIVE;
				CLANG_WARN_UNREACHABLE_CODE = YES;
				CLANG_WARN__DUPLICATE_METHOD_MATCH = YES;
				COPY_PHASE_STRIP = NO;
				DEBUG_INFORMATION_FORMAT = dwarf;
				ENABLE_STRICT_OBJC_MSGSEND = YES;
				ENABLE_TESTABILITY = YES;
				ENABLE_USER_SCRIPT_SANDBOXING = YES;
				GCC_C_LANGUAGE_STANDARD = gnu17;
				GCC_DYNAMIC_NO_PIC = NO;
				GCC_NO_COMMON_BLOCKS = YES;
				GCC_OPTIMIZATION_LEVEL = 0;
				GCC_PREPROCESSOR_DEFINITIONS = (
					"DEBUG=1",
					"$(inherited)",
				);
				GCC_WARN_64_TO_32_BIT_CONVERSION = YES;
				GCC_WARN_ABOUT_RETURN_TYPE = YES_ERROR;
				GCC_WARN_UNDECLARED_SELECTOR = YES;
				GCC_WARN_UNINITIALIZED_AUTOS = YES_AGGRESSIVE;
				GCC_WARN_UNUSED_FUNCTION = YES;
				GCC_WARN_UNUSED_VARIABLE = YES;
				IPHONEOS_DEPLOYMENT_TARGET = 18.2;
				LOCALIZATION_PREFERS_STRING_CATALOGS = YES;
				MTL_ENABLE_DEBUG_INFO = INCLUDE_SOURCE;
				MTL_FAST_MATH = YES;
				ONLY_ACTIVE_ARCH = YES;
				SDKROOT = iphoneos;
				SWIFT_ACTIVE_COMPILATION_CONDITIONS = "DEBUG $(inherited)";
				SWIFT_OPTIMIZATION_LEVEL = "-Onone";
			};
			name = Debug;
		};
		40E02E912F00D4BB009D9558 /* Release */ = {
			isa = XCBuildConfiguration;
			buildSettings = {
				ALWAYS_SEARCH_USER_PATHS = NO;
				ASSETCATALOG_COMPILER_GENERATE_SWIFT_ASSET_SYMBOL_EXTENSIONS = YES;
				CLANG_ANALYZER_NONNULL = YES;
				CLANG_ANALYZER_NUMBER_OBJECT_CONVERSION = YES_AGGRESSIVE;
				CLANG_CXX_LANGUAGE_STANDARD = "gnu++20";
				CLANG_ENABLE_MODULES = YES;
				CLANG_ENABLE_OBJC_ARC = YES;
				CLANG_ENABLE_OBJC_WEAK = YES;
				CLANG_WARN_BLOCK_CAPTURE_AUTORELEASING = YES;
				CLANG_WARN_BOOL_CONVERSION = YES;
				CLANG_WARN_COMMA = YES;
				CLANG_WARN_CONSTANT_CONVERSION = YES;
				CLANG_WARN_DEPRECATED_OBJC_IMPLEMENTATIONS = YES;
				CLANG_WARN_DIRECT_OBJC_ISA_USAGE = YES_ERROR;
				CLANG_WARN_DOCUMENTATION_COMMENTS = YES;
				CLANG_WARN_EMPTY_BODY = YES;
				CLANG_WARN_ENUM_CONVERSION = YES;
				CLANG_WARN_INFINITE_RECURSION = YES;
				CLANG_WARN_INT_CONVERSION = YES;
				CLANG_WARN_NON_LITERAL_NULL_CONVERSION = YES;
				CLANG_WARN_OBJC_IMPLICIT_RETAIN_SELF = YES;
				CLANG_WARN_OBJC_LITERAL_CONVERSION = YES;
				CLANG_WARN_OBJC_ROOT_CLASS = YES_ERROR;
				CLANG_WARN_QUOTED_INCLUDE_IN_FRAMEWORK_HEADER = YES;
				CLANG_WARN_RANGE_LOOP_ANALYSIS = YES;
				CLANG_WARN_STRICT_PROTOTYPES = YES;
				CLANG_WARN_SUSPICIOUS_MOVE = YES;
				CLANG_WARN_UNGUARDED_AVAILABILITY = YES_AGGRESSIVE;
				CLANG_WARN_UNREACHABLE_CODE = YES;
				CLANG_WARN__DUPLICATE_METHOD_MATCH = YES;
				COPY_PHASE_STRIP = NO;
				DEBUG_INFORMATION_FORMAT = "dwarf-with-dsym";
				ENABLE_NS_ASSERTIONS = NO;
				ENABLE_STRICT_OBJC_MSGSEND = YES;
				ENABLE_USER_SCRIPT_SANDBOXING = YES;
				GCC_C_LANGUAGE_STANDARD = gnu17;
				GCC_NO_COMMON_BLOCKS = YES;
				GCC_WARN_64_TO_32_BIT_CONVERSION = YES;
				GCC_WARN_ABOUT_RETURN_TYPE = YES_ERROR;
				GCC_WARN_UNDECLARED_SELECTOR = YES;
				GCC_WARN_UNINITIALIZED_AUTOS = YES_AGGRESSIVE;
				GCC_WARN_UNUSED_FUNCTION = YES;
				GCC_WARN_UNUSED_VARIABLE = YES;
				IPHONEOS_DEPLOYMENT_TARGET = 18.2;
				LOCALIZATION_PREFERS_STRING_CATALOGS = YES;
				MTL_ENABLE_DEBUG_INFO = NO;
				MTL_FAST_MATH = YES;
				SDKROOT = iphoneos;
				SWIFT_COMPILATION_MODE = wholemodule;
				VALIDATE_PRODUCT = YES;
			};
			name = Release;
		};
		40E02E932F00D4BB009D9558 /* Debug */ = {
			isa = XCBuildConfiguration;
			buildSettings = {
				ASSETCATALOG_COMPILER_APPICON_NAME = AppIcon;
				ASSETCATALOG_COMPILER_GLOBAL_ACCENT_COLOR_NAME = AccentColor;
				CODE_SIGN_STYLE = Automatic;
				CURRENT_PROJECT_VERSION = 1;
				DEVELOPMENT_ASSET_PATHS = "\"Kaie/Preview Content\"";
				DEVELOPMENT_TEAM = DC583QU6ZR;
				ENABLE_PREVIEWS = YES;
				GENERATE_INFOPLIST_FILE = YES;
				INFOPLIST_KEY_CFBundleDisplayName = Kaie;
				INFOPLIST_KEY_LSApplicationCategoryType = "public.app-category.healthcare-fitness";
				INFOPLIST_KEY_UIApplicationSceneManifest_Generation = YES;
				INFOPLIST_KEY_UIApplicationSupportsIndirectInputEvents = YES;
				INFOPLIST_KEY_UILaunchScreen_Generation = YES;
				INFOPLIST_KEY_UISupportedInterfaceOrientations_iPad = "UIInterfaceOrientationPortrait UIInterfaceOrientationPortraitUpsideDown UIInterfaceOrientationLandscapeLeft UIInterfaceOrientationLandscapeRight";
				INFOPLIST_KEY_UISupportedInterfaceOrientations_iPhone = "UIInterfaceOrientationPortrait UIInterfaceOrientationLandscapeLeft UIInterfaceOrientationLandscapeRight";
				LD_RUNPATH_SEARCH_PATHS = (
					"$(inherited)",
					"@executable_path/Frameworks",
				);
				MARKETING_VERSION = 1.0;
				PRODUCT_BUNDLE_IDENTIFIER = com.hyoroklee.kai;
				PRODUCT_NAME = "$(TARGET_NAME)";
				SWIFT_EMIT_LOC_STRINGS = YES;
				SWIFT_VERSION = 5.0;
				TARGETED_DEVICE_FAMILY = "1,2";
			};
			name = Debug;
		};
		40E02E942F00D4BB009D9558 /* Release */ = {
			isa = XCBuildConfiguration;
			buildSettings = {
				ASSETCATALOG_COMPILER_APPICON_NAME = AppIcon;
				ASSETCATALOG_COMPILER_GLOBAL_ACCENT_COLOR_NAME = AccentColor;
				CODE_SIGN_STYLE = Automatic;
				CURRENT_PROJECT_VERSION = 1;
				DEVELOPMENT_ASSET_PATHS = "\"Kaie/Preview Content\"";
				DEVELOPMENT_TEAM = DC583QU6ZR;
				ENABLE_PREVIEWS = YES;
				GENERATE_INFOPLIST_FILE = YES;
				INFOPLIST_KEY_CFBundleDisplayName = Kaie;
				INFOPLIST_KEY_LSApplicationCategoryType = "public.app-category.healthcare-fitness";
				INFOPLIST_KEY_UIApplicationSceneManifest_Generation = YES;
				INFOPLIST_KEY_UIApplicationSupportsIndirectInputEvents = YES;
				INFOPLIST_KEY_UILaunchScreen_Generation = YES;
				INFOPLIST_KEY_UISupportedInterfaceOrientations_iPad = "UIInterfaceOrientationPortrait UIInterfaceOrientationPortraitUpsideDown UIInterfaceOrientationLandscapeLeft UIInterfaceOrientationLandscapeRight";
				INFOPLIST_KEY_UISupportedInterfaceOrientations_iPhone = "UIInterfaceOrientationPortrait UIInterfaceOrientationLandscapeLeft UIInterfaceOrientationLandscapeRight";
				LD_RUNPATH_SEARCH_PATHS = (
					"$(inherited)",
					"@executable_path/Frameworks",
				);
				MARKETING_VERSION = 1.0;
				PRODUCT_BUNDLE_IDENTIFIER = com.hyoroklee.kai;
				PRODUCT_NAME = "$(TARGET_NAME)";
				SWIFT_EMIT_LOC_STRINGS = YES;
				SWIFT_VERSION = 5.0;
				TARGETED_DEVICE_FAMILY = "1,2";
			};
			name = Release;
		};
		40E02E962F00D4BB009D9558 /* Debug */ = {
			isa = XCBuildConfiguration;
			buildSettings = {
				BUNDLE_LOADER = "$(TEST_HOST)";
				CODE_SIGN_STYLE = Automatic;
				CURRENT_PROJECT_VERSION = 1;
				DEVELOPMENT_TEAM = DC583QU6ZR;
				GENERATE_INFOPLIST_FILE = YES;
				IPHONEOS_DEPLOYMENT_TARGET = 18.2;
				MARKETING_VERSION = 1.0;
				PRODUCT_BUNDLE_IDENTIFIER = ChrisLee.Kaie.KaieTests;
				PRODUCT_NAME = "$(TARGET_NAME)";
				SWIFT_EMIT_LOC_STRINGS = NO;
				SWIFT_VERSION = 5.0;
				TARGETED_DEVICE_FAMILY = "1,2";
				TEST_HOST = "$(BUILT_PRODUCTS_DIR)/Kaie.app/$(BUNDLE_EXECUTABLE_FOLDER_PATH)/Kaie";
			};
			name = Debug;
		};
		40E02E972F00D4BB009D9558 /* Release */ = {
			isa = XCBuildConfiguration;
			buildSettings = {
				BUNDLE_LOADER = "$(TEST_HOST)";
				CODE_SIGN_STYLE = Automatic;
				CURRENT_PROJECT_VERSION = 1;
				DEVELOPMENT_TEAM = DC583QU6ZR;
				GENERATE_INFOPLIST_FILE = YES;
				IPHONEOS_DEPLOYMENT_TARGET = 18.2;
				MARKETING_VERSION = 1.0;
				PRODUCT_BUNDLE_IDENTIFIER = ChrisLee.Kaie.KaieTests;
				PRODUCT_NAME = "$(TARGET_NAME)";
				SWIFT_EMIT_LOC_STRINGS = NO;
				SWIFT_VERSION = 5.0;
				TARGETED_DEVICE_FAMILY = "1,2";
				TEST_HOST = "$(BUILT_PRODUCTS_DIR)/Kaie.app/$(BUNDLE_EXECUTABLE_FOLDER_PATH)/Kaie";
			};
			name = Release;
		};
		40E02E992F00D4BB009D9558 /* Debug */ = {
			isa = XCBuildConfiguration;
			buildSettings = {
				CODE_SIGN_STYLE = Automatic;
				CURRENT_PROJECT_VERSION = 1;
				DEVELOPMENT_TEAM = DC583QU6ZR;
				GENERATE_INFOPLIST_FILE = YES;
				MARKETING_VERSION = 1.0;
				PRODUCT_BUNDLE_IDENTIFIER = ChrisLee.Kaie.KaieUITests;
				PRODUCT_NAME = "$(TARGET_NAME)";
				SWIFT_EMIT_LOC_STRINGS = NO;
				SWIFT_VERSION = 5.0;
				TARGETED_DEVICE_FAMILY = "1,2";
				TEST_TARGET_NAME = Kaie;
			};
			name = Debug;
		};
		40E02E9A2F00D4BB009D9558 /* Release */ = {
			isa = XCBuildConfiguration;
			buildSettings = {
				CODE_SIGN_STYLE = Automatic;
				CURRENT_PROJECT_VERSION = 1;
				DEVELOPMENT_TEAM = DC583QU6ZR;
				GENERATE_INFOPLIST_FILE = YES;
				MARKETING_VERSION = 1.0;
				PRODUCT_BUNDLE_IDENTIFIER = ChrisLee.Kaie.KaieUITests;
				PRODUCT_NAME = "$(TARGET_NAME)";
				SWIFT_EMIT_LOC_STRINGS = NO;
				SWIFT_VERSION = 5.0;
				TARGETED_DEVICE_FAMILY = "1,2";
				TEST_TARGET_NAME = Kaie;
			};
			name = Release;
		};
/* End XCBuildConfiguration section */

/* Begin XCConfigurationList section */
		40E02E692F00D4BA009D9558 /* Build configuration list for PBXProject "Kaie" */ = {
			isa = XCConfigurationList;
			buildConfigurations = (
				40E02E902F00D4BB009D9558 /* Debug */,
				40E02E912F00D4BB009D9558 /* Release */,
			);
			defaultConfigurationIsVisible = 0;
			defaultConfigurationName = Release;
		};
		40E02E922F00D4BB009D9558 /* Build configuration list for PBXNativeTarget "Kaie" */ = {
			isa = XCConfigurationList;
			buildConfigurations = (
				40E02E932F00D4BB009D9558 /* Debug */,
				40E02E942F00D4BB009D9558 /* Release */,
			);
			defaultConfigurationIsVisible = 0;
			defaultConfigurationName = Release;
		};
		40E02E952F00D4BB009D9558 /* Build configuration list for PBXNativeTarget "KaieTests" */ = {
			isa = XCConfigurationList;
			buildConfigurations = (
				40E02E962F00D4BB009D9558 /* Debug */,
				40E02E972F00D4BB009D9558 /* Release */,
			);
			defaultConfigurationIsVisible = 0;
			defaultConfigurationName = Release;
		};
		40E02E982F00D4BB009D9558 /* Build configuration list for PBXNativeTarget "KaieUITests" */ = {
			isa = XCConfigurationList;
			buildConfigurations = (
				40E02E992F00D4BB009D9558 /* Debug */,
				40E02E9A2F00D4BB009D9558 /* Release */,
			);
			defaultConfigurationIsVisible = 0;
			defaultConfigurationName = Release;
		};
/* End XCConfigurationList section */
	};
	rootObject = 40E02E662F00D4BA009D9558 /* Project object */;
}
